{
  "name": "application",
  "lockfileVersion": 3,
  "requires": true,
  "packages": {
    "": {
      "dependencies": {
        "@lucacasonato/typescript-issue-58353": "^0.2.0"
      }
    },
    "node_modules/@lucacasonato/typescript-issue-58353": {
      "version": "0.2.0",
      "resolved": "https://registry.npmjs.org/@lucacasonato/typescript-issue-58353/-/typescript-issue-58353-0.2.0.tgz",
      "integrity": "sha512-g/StyH0UARpUo0jlktWg4EkJC19YUYwuUQAfYguloYw6aL/AJSKrkk29cwn2hDq0DtlXkREk+YEA7voMVAkpnQ=="
    }
  }
}
